
Microsoft Visual Studio Solution File, Format Version 12.00
# Visual Studio Version 17
VisualStudioVersion = 17.3.32901.215
MinimumVisualStudioVersion = 10.0.40219.1
Project("{FAE04EC0-301F-11D3-BF4B-00C04F79EFBC}") = "BlazorWebApp_gavilanch2.Server", "BlazorWebApp_gavilanch2\Server\BlazorWebApp_gavilanch2.Server.csproj", "{8365CFD2-AD81-46CA-956F-6C3CBDC67DA8}"
EndProject
Project("{FAE04EC0-301F-11D3-BF4B-00C04F79EFBC}") = "BlazorWebApp_gavilanch2.Client", "BlazorWebApp_gavilanch2\Client\BlazorWebApp_gavilanch2.Client.csproj", "{1BD737BA-37DA-45BB-B16C-AA82BFEC0D7C}"
EndProject
Project("{FAE04EC0-301F-11D3-BF4B-00C04F79EFBC}") = "BlazorWebApp_gavilanch2.Shared", "BlazorWebApp_gavilanch2\Shared\BlazorWebApp_gavilanch2.Shared.csproj", "{20668E86-7531-4C59-AB9A-98692E1D6228}"
EndProject
Global
	GlobalSection(SolutionConfigurationPlatforms) = preSolution
		Debug|Any CPU = Debug|Any CPU
		Release|Any CPU = Release|Any CPU
	EndGlobalSection
	GlobalSection(ProjectConfigurationPlatforms) = postSolution
		{8365CFD2-AD81-46CA-956F-6C3CBDC67DA8}.Debug|Any CPU.ActiveCfg = Debug|Any CPU
		{8365CFD2-AD81-46CA-956F-6C3CBDC67DA8}.Debug|Any CPU.Build.0 = Debug|Any CPU
		{8365CFD2-AD81-46CA-956F-6C3CBDC67DA8}.Release|Any CPU.ActiveCfg = Release|Any CPU
		{8365CFD2-AD81-46CA-956F-6C3CBDC67DA8}.Release|Any CPU.Build.0 = Release|Any CPU
		{1BD737BA-37DA-45BB-B16C-AA82BFEC0D7C}.Debug|Any CPU.ActiveCfg = Debug|Any CPU
		{1BD737BA-37DA-45BB-B16C-AA82BFEC0D7C}.Debug|Any CPU.Build.0 = Debug|Any CPU
		{1BD737BA-37DA-45BB-B16C-AA82BFEC0D7C}.Release|Any CPU.ActiveCfg = Release|Any CPU
		{1BD737BA-37DA-45BB-B16C-AA82BFEC0D7C}.Release|Any CPU.Build.0 = Release|Any CPU
		{20668E86-7531-4C59-AB9A-98692E1D6228}.Debug|Any CPU.ActiveCfg = Debug|Any CPU
		{20668E86-7531-4C59-AB9A-98692E1D6228}.Debug|Any CPU.Build.0 = Debug|Any CPU
		{20668E86-7531-4C59-AB9A-98692E1D6228}.Release|Any CPU.ActiveCfg = Release|Any CPU
		{20668E86-7531-4C59-AB9A-98692E1D6228}.Release|Any CPU.Build.0 = Release|Any CPU
	EndGlobalSection
	GlobalSection(SolutionProperties) = preSolution
		HideSolutionNode = FALSE
	EndGlobalSection
	GlobalSection(ExtensibilityGlobals) = postSolution
		SolutionGuid = {91D1044F-BAA0-4266-9065-290C5EE32480}
	EndGlobalSection
EndGlobal
