
Microsoft Visual Studio Solution File, Format Version 12.00
# Visual Studio Version 17
VisualStudioVersion = 17.3.32901.215
MinimumVisualStudioVersion = 10.0.40219.1
Project("{FAE04EC0-301F-11D3-BF4B-00C04F79EFBC}") = "BlazorAppLogin", "BlazorAppLogin\BlazorAppLogin.csproj", "{04180D2F-DD29-40E1-A207-D7056596BB58}"
EndProject
Global
	GlobalSection(SolutionConfigurationPlatforms) = preSolution
		Debug|Any CPU = Debug|Any CPU
		Release|Any CPU = Release|Any CPU
	EndGlobalSection
	GlobalSection(ProjectConfigurationPlatforms) = postSolution
		{04180D2F-DD29-40E1-A207-D7056596BB58}.Debug|Any CPU.ActiveCfg = Debug|Any CPU
		{04180D2F-DD29-40E1-A207-D7056596BB58}.Debug|Any CPU.Build.0 = Debug|Any CPU
		{04180D2F-DD29-40E1-A207-D7056596BB58}.Release|Any CPU.ActiveCfg = Release|Any CPU
		{04180D2F-DD29-40E1-A207-D7056596BB58}.Release|Any CPU.Build.0 = Release|Any CPU
	EndGlobalSection
	GlobalSection(SolutionProperties) = preSolution
		HideSolutionNode = FALSE
	EndGlobalSection
	GlobalSection(ExtensibilityGlobals) = postSolution
		SolutionGuid = {92C3F279-346C-4BDF-8A53-8DE571A96712}
	EndGlobalSection
EndGlobal
