
Microsoft Visual Studio Solution File, Format Version 12.00
# Visual Studio Version 17
VisualStudioVersion = 17.3.32901.215
MinimumVisualStudioVersion = 10.0.40219.1
Project("{9A19103F-16F7-4668-BE54-9A1E7A4F7556}") = "CrudNetCore6.Server", "CrudNetCore6\Server\CrudNetCore6.Server.csproj", "{4D3E8391-C069-47DE-BD65-35ADDD975455}"
EndProject
Project("{9A19103F-16F7-4668-BE54-9A1E7A4F7556}") = "CrudNetCore6.Client", "CrudNetCore6\Client\CrudNetCore6.Client.csproj", "{C5152306-EF4A-49B9-BA83-2554FC7E7F2C}"
EndProject
Project("{9A19103F-16F7-4668-BE54-9A1E7A4F7556}") = "CrudNetCore6.Shared", "CrudNetCore6\Shared\CrudNetCore6.Shared.csproj", "{CA463D77-EF0A-4905-9257-E54D2F28DF06}"
EndProject
Global
	GlobalSection(SolutionConfigurationPlatforms) = preSolution
		Debug|Any CPU = Debug|Any CPU
		Release|Any CPU = Release|Any CPU
	EndGlobalSection
	GlobalSection(ProjectConfigurationPlatforms) = postSolution
		{4D3E8391-C069-47DE-BD65-35ADDD975455}.Debug|Any CPU.ActiveCfg = Debug|Any CPU
		{4D3E8391-C069-47DE-BD65-35ADDD975455}.Debug|Any CPU.Build.0 = Debug|Any CPU
		{4D3E8391-C069-47DE-BD65-35ADDD975455}.Release|Any CPU.ActiveCfg = Release|Any CPU
		{4D3E8391-C069-47DE-BD65-35ADDD975455}.Release|Any CPU.Build.0 = Release|Any CPU
		{C5152306-EF4A-49B9-BA83-2554FC7E7F2C}.Debug|Any CPU.ActiveCfg = Debug|Any CPU
		{C5152306-EF4A-49B9-BA83-2554FC7E7F2C}.Debug|Any CPU.Build.0 = Debug|Any CPU
		{C5152306-EF4A-49B9-BA83-2554FC7E7F2C}.Release|Any CPU.ActiveCfg = Release|Any CPU
		{C5152306-EF4A-49B9-BA83-2554FC7E7F2C}.Release|Any CPU.Build.0 = Release|Any CPU
		{CA463D77-EF0A-4905-9257-E54D2F28DF06}.Debug|Any CPU.ActiveCfg = Debug|Any CPU
		{CA463D77-EF0A-4905-9257-E54D2F28DF06}.Debug|Any CPU.Build.0 = Debug|Any CPU
		{CA463D77-EF0A-4905-9257-E54D2F28DF06}.Release|Any CPU.ActiveCfg = Release|Any CPU
		{CA463D77-EF0A-4905-9257-E54D2F28DF06}.Release|Any CPU.Build.0 = Release|Any CPU
	EndGlobalSection
	GlobalSection(SolutionProperties) = preSolution
		HideSolutionNode = FALSE
	EndGlobalSection
	GlobalSection(ExtensibilityGlobals) = postSolution
		SolutionGuid = {3C17F12F-DFFD-4D86-938E-0D00D0C479DE}
	EndGlobalSection
EndGlobal
