
Microsoft Visual Studio Solution File, Format Version 12.00
# Visual Studio Version 17
VisualStudioVersion = 17.3.32901.215
MinimumVisualStudioVersion = 10.0.40219.1
Project("{9A19103F-16F7-4668-BE54-9A1E7A4F7556}") = "BlazorCRUD.UI", "BlazorCRUD.UI\BlazorCRUD.UI.csproj", "{AD593C72-F265-438B-9609-FFE00D0E747E}"
EndProject
Project("{9A19103F-16F7-4668-BE54-9A1E7A4F7556}") = "BlazorCRUD.Model", "BlazorCRUD.Model\BlazorCRUD.Model.csproj", "{7DCD710F-AB98-463E-941B-BD9755032FAC}"
EndProject
Project("{9A19103F-16F7-4668-BE54-9A1E7A4F7556}") = "BlazorCRUD.Data.Dapper", "BlazorCRUD.Data.Dapper\BlazorCRUD.Data.Dapper.csproj", "{1326B8BB-C635-4275-A147-5DEAE404BF27}"
EndProject
Global
	GlobalSection(SolutionConfigurationPlatforms) = preSolution
		Debug|Any CPU = Debug|Any CPU
		Release|Any CPU = Release|Any CPU
	EndGlobalSection
	GlobalSection(ProjectConfigurationPlatforms) = postSolution
		{AD593C72-F265-438B-9609-FFE00D0E747E}.Debug|Any CPU.ActiveCfg = Debug|Any CPU
		{AD593C72-F265-438B-9609-FFE00D0E747E}.Debug|Any CPU.Build.0 = Debug|Any CPU
		{AD593C72-F265-438B-9609-FFE00D0E747E}.Release|Any CPU.ActiveCfg = Release|Any CPU
		{AD593C72-F265-438B-9609-FFE00D0E747E}.Release|Any CPU.Build.0 = Release|Any CPU
		{7DCD710F-AB98-463E-941B-BD9755032FAC}.Debug|Any CPU.ActiveCfg = Debug|Any CPU
		{7DCD710F-AB98-463E-941B-BD9755032FAC}.Debug|Any CPU.Build.0 = Debug|Any CPU
		{7DCD710F-AB98-463E-941B-BD9755032FAC}.Release|Any CPU.ActiveCfg = Release|Any CPU
		{7DCD710F-AB98-463E-941B-BD9755032FAC}.Release|Any CPU.Build.0 = Release|Any CPU
		{1326B8BB-C635-4275-A147-5DEAE404BF27}.Debug|Any CPU.ActiveCfg = Debug|Any CPU
		{1326B8BB-C635-4275-A147-5DEAE404BF27}.Debug|Any CPU.Build.0 = Debug|Any CPU
		{1326B8BB-C635-4275-A147-5DEAE404BF27}.Release|Any CPU.ActiveCfg = Release|Any CPU
		{1326B8BB-C635-4275-A147-5DEAE404BF27}.Release|Any CPU.Build.0 = Release|Any CPU
	EndGlobalSection
	GlobalSection(SolutionProperties) = preSolution
		HideSolutionNode = FALSE
	EndGlobalSection
	GlobalSection(ExtensibilityGlobals) = postSolution
		SolutionGuid = {CB96D434-8EAE-4B98-B075-B05684B69C14}
	EndGlobalSection
EndGlobal
